
Microsoft Visual Studio Solution File, Format Version 12.00
# Visual Studio 2013
VisualStudioVersion = 12.0.21005.1
MinimumVisualStudioVersion = 10.0.40219.1
Project("{FAE04EC0-301F-11D3-BF4B-00C04F79EFBC}") = "SleepSort", "SleepSort.csproj", "{1E289AA7-50E2-49F4-BFE5-CA30F68A95EE}"
EndProject
Global
	GlobalSection(SolutionConfigurationPlatforms) = preSolution
		Debug|Any CPU = Debug|Any CPU
		Release|Any CPU = Release|Any CPU
	EndGlobalSection
	GlobalSection(ProjectConfigurationPlatforms) = postSolution
		{1E289AA7-50E2-49F4-BFE5-CA30F68A95EE}.Debug|Any CPU.ActiveCfg = Debug|Any CPU
		{1E289AA7-50E2-49F4-BFE5-CA30F68A95EE}.Debug|Any CPU.Build.0 = Debug|Any CPU
		{1E289AA7-50E2-49F4-BFE5-CA30F68A95EE}.Release|Any CPU.ActiveCfg = Release|Any CPU
		{1E289AA7-50E2-49F4-BFE5-CA30F68A95EE}.Release|Any CPU.Build.0 = Release|Any CPU
	EndGlobalSection
	GlobalSection(SolutionProperties) = preSolution
		HideSolutionNode = FALSE
	EndGlobalSection
EndGlobal
